{
  "name": "web-tree-sitter-sys",
  "lockfileVersion": 2,
  "requires": true,
  "packages": {
    "": {
      "dependencies": {
        "web-tree-sitter-wasm-bindgen": "silvanshade/web-tree-sitter-wasm-bindgen"
      },
      "devDependencies": {
        "tree-sitter-cli": "^0.20.0",
        "tree-sitter-javascript": "https://github.com/tree-sitter/tree-sitter-javascript#rust-0.20.0"
      }
    },
    "node_modules/nan": {
      "version": "2.17.0",
      "resolved": "https://registry.npmjs.org/nan/-/nan-2.17.0.tgz",
      "integrity": "sha512-2ZTgtl0nJsO0KQCjEpxcIr5D+Yv90plTitZt9JBfQvVJDS5seMl3FOvsh3+9CoYWXf/1l5OaZzzF6nDm4cagaQ==",
      "dev": true
    },
    "node_modules/tree-sitter-cli": {
      "version": "0.20.7",
      "resolved": "https://registry.npmjs.org/tree-sitter-cli/-/tree-sitter-cli-0.20.7.tgz",
      "integrity": "sha512-MHABT8oCPr4D0fatsPo6ATQ9H4h9vHpPRjlxkxJs80tpfAEKGn6A1zU3eqfCKBcgmfZDe9CiL3rKOGMzYHwA3w==",
      "dev": true,
      "hasInstallScript": true,
      "bin": {
        "tree-sitter": "cli.js"
      }
    },
    "node_modules/tree-sitter-javascript": {
      "version": "0.20.0",
      "resolved": "git+ssh://git@github.com/tree-sitter/tree-sitter-javascript.git#fdeb68ac8d2bd5a78b943528bb68ceda3aade2eb",
      "dev": true,
      "hasInstallScript": true,
      "license": "MIT",
      "dependencies": {
        "nan": "^2.12.1"
      }
    },
    "node_modules/web-tree-sitter": {
      "version": "0.20.5",
      "resolved": "https://registry.npmjs.org/web-tree-sitter/-/web-tree-sitter-0.20.5.tgz",
      "integrity": "sha512-mpXlqIeEBE5Q71cnBnt8w6XKhIiKmllPECqsIFBtMvzcfCxA8+614iyMJXBCQo95Vs3y1zORLqiLJn25pYZ4Tw=="
    },
    "node_modules/web-tree-sitter-wasm-bindgen": {
      "version": "0.20.5",
      "resolved": "git+ssh://git@github.com/silvanshade/web-tree-sitter-wasm-bindgen.git#27237af5caa2619841b818b28e710349d91a4280",
      "license": "Apache-2.0 WITH LLVM-exception",
      "dependencies": {
        "web-tree-sitter": "0.20.5"
      }
    }
  },
  "dependencies": {
    "nan": {
      "version": "2.17.0",
      "resolved": "https://registry.npmjs.org/nan/-/nan-2.17.0.tgz",
      "integrity": "sha512-2ZTgtl0nJsO0KQCjEpxcIr5D+Yv90plTitZt9JBfQvVJDS5seMl3FOvsh3+9CoYWXf/1l5OaZzzF6nDm4cagaQ==",
      "dev": true
    },
    "tree-sitter-cli": {
      "version": "0.20.7",
      "resolved": "https://registry.npmjs.org/tree-sitter-cli/-/tree-sitter-cli-0.20.7.tgz",
      "integrity": "sha512-MHABT8oCPr4D0fatsPo6ATQ9H4h9vHpPRjlxkxJs80tpfAEKGn6A1zU3eqfCKBcgmfZDe9CiL3rKOGMzYHwA3w==",
      "dev": true
    },
    "tree-sitter-javascript": {
      "version": "git+ssh://git@github.com/tree-sitter/tree-sitter-javascript.git#fdeb68ac8d2bd5a78b943528bb68ceda3aade2eb",
      "dev": true,
      "from": "tree-sitter-javascript@https://github.com/tree-sitter/tree-sitter-javascript#rust-0.20.0",
      "requires": {
        "nan": "^2.12.1"
      }
    },
    "web-tree-sitter": {
      "version": "0.20.5",
      "resolved": "https://registry.npmjs.org/web-tree-sitter/-/web-tree-sitter-0.20.5.tgz",
      "integrity": "sha512-mpXlqIeEBE5Q71cnBnt8w6XKhIiKmllPECqsIFBtMvzcfCxA8+614iyMJXBCQo95Vs3y1zORLqiLJn25pYZ4Tw=="
    },
    "web-tree-sitter-wasm-bindgen": {
      "version": "git+ssh://git@github.com/silvanshade/web-tree-sitter-wasm-bindgen.git#27237af5caa2619841b818b28e710349d91a4280",
      "from": "web-tree-sitter-wasm-bindgen@silvanshade/web-tree-sitter-wasm-bindgen",
      "requires": {
        "web-tree-sitter": "0.20.5"
      }
    }
  }
}
